
Microsoft Visual Studio Solution File, Format Version 12.00
Project("{FAE04EC0-301F-11D3-BF4B-00C04F79EFBC}") = "ConsiliaAPI", "ConsiliaAPI\ConsiliaAPI.csproj", "{282D1B42-BDE1-4427-8A3D-43C784B760E2}"
EndProject
Global
	GlobalSection(SolutionConfigurationPlatforms) = preSolution
		Debug|Any CPU = Debug|Any CPU
		Release|Any CPU = Release|Any CPU
	EndGlobalSection
	GlobalSection(ProjectConfigurationPlatforms) = postSolution
		{282D1B42-BDE1-4427-8A3D-43C784B760E2}.Debug|Any CPU.ActiveCfg = Debug|Any CPU
		{282D1B42-BDE1-4427-8A3D-43C784B760E2}.Debug|Any CPU.Build.0 = Debug|Any CPU
		{282D1B42-BDE1-4427-8A3D-43C784B760E2}.Release|Any CPU.ActiveCfg = Release|Any CPU
		{282D1B42-BDE1-4427-8A3D-43C784B760E2}.Release|Any CPU.Build.0 = Release|Any CPU
	EndGlobalSection
EndGlobal
